
Microsoft Visual Studio Solution File, Format Version 12.00
# Visual Studio Version 16
VisualStudioVersion = 16.0.32630.194
MinimumVisualStudioVersion = 10.0.40219.1
Project("{8BC9CEB8-8B4A-11D0-8D11-00A0C91BC942}") = "职工管理系统", "职工管理系统.vcxproj", "{CFB81353-4B4D-46D8-9617-D72B9A50D637}"
EndProject
Global
	GlobalSection(SolutionConfigurationPlatforms) = preSolution
		Debug|x64 = Debug|x64
		Debug|x86 = Debug|x86
		Release|x64 = Release|x64
		Release|x86 = Release|x86
	EndGlobalSection
	GlobalSection(ProjectConfigurationPlatforms) = postSolution
		{CFB81353-4B4D-46D8-9617-D72B9A50D637}.Debug|x64.ActiveCfg = Debug|x64
		{CFB81353-4B4D-46D8-9617-D72B9A50D637}.Debug|x64.Build.0 = Debug|x64
		{CFB81353-4B4D-46D8-9617-D72B9A50D637}.Debug|x86.ActiveCfg = Debug|Win32
		{CFB81353-4B4D-46D8-9617-D72B9A50D637}.Debug|x86.Build.0 = Debug|Win32
		{CFB81353-4B4D-46D8-9617-D72B9A50D637}.Release|x64.ActiveCfg = Release|x64
		{CFB81353-4B4D-46D8-9617-D72B9A50D637}.Release|x64.Build.0 = Release|x64
		{CFB81353-4B4D-46D8-9617-D72B9A50D637}.Release|x86.ActiveCfg = Release|Win32
		{CFB81353-4B4D-46D8-9617-D72B9A50D637}.Release|x86.Build.0 = Release|Win32
	EndGlobalSection
	GlobalSection(SolutionProperties) = preSolution
		HideSolutionNode = FALSE
	EndGlobalSection
	GlobalSection(ExtensibilityGlobals) = postSolution
		SolutionGuid = {A2467A2A-6231-4E03-9C28-DDA45BC7D8BF}
	EndGlobalSection
EndGlobal
